// !$*UTF8*$!
{
	archiveVersion = 1;
	classes = {
	};
	objectVersion = 50;
	objects = {

/* Begin PBXBuildFile section */
		BF10F6162619940D007F1C68 /* MeigenSupplementApp.swift in Sources */ = {isa = PBXBuildFile; fileRef = BF10F6152619940D007F1C68 /* MeigenSupplementApp.swift */; };
		BF10F6182619940D007F1C68 /* ContentView.swift in Sources */ = {isa = PBXBuildFile; fileRef = BF10F6172619940D007F1C68 /* ContentView.swift */; };
		BF10F61A26199412007F1C68 /* Assets.xcassets in Resources */ = {isa = PBXBuildFile; fileRef = BF10F61926199412007F1C68 /* Assets.xcassets */; };
		BF10F61D26199412007F1C68 /* Preview Assets.xcassets in Resources */ = {isa = PBXBuildFile; fileRef = BF10F61C26199412007F1C68 /* Preview Assets.xcassets */; };
		BF10F627261995A3007F1C68 /* CoreLocation.framework in Frameworks */ = {isa = PBXBuildFile; fileRef = BF10F626261995A3007F1C68 /* CoreLocation.framework */; };
		BF10F629261996C0007F1C68 /* ShowMeigen.swift in Sources */ = {isa = PBXBuildFile; fileRef = BF10F628261996C0007F1C68 /* ShowMeigen.swift */; };
		BF10F62D261996F5007F1C68 /* GetMeigen.swift in Sources */ = {isa = PBXBuildFile; fileRef = BF10F62C261996F5007F1C68 /* GetMeigen.swift */; };
		BF10F63026199742007F1C68 /* TimeNotification.swift in Sources */ = {isa = PBXBuildFile; fileRef = BF10F62F26199742007F1C68 /* TimeNotification.swift */; };
		BF10F6332619979D007F1C68 /* LocationNotification.swift in Sources */ = {isa = PBXBuildFile; fileRef = BF10F6322619979D007F1C68 /* LocationNotification.swift */; };
		BF10F636261997CF007F1C68 /* LocationView.swift in Sources */ = {isa = PBXBuildFile; fileRef = BF10F635261997CF007F1C68 /* LocationView.swift */; };
		BF10F63926199809007F1C68 /* FavoriteView.swift in Sources */ = {isa = PBXBuildFile; fileRef = BF10F63826199809007F1C68 /* FavoriteView.swift */; };
		BF159DB12620925B0016A281 /* AddTimeNotification.swift in Sources */ = {isa = PBXBuildFile; fileRef = BF159DB02620925B0016A281 /* AddTimeNotification.swift */; };
		BF93D80D2623366800320E50 /* NotificationListView.swift in Sources */ = {isa = PBXBuildFile; fileRef = BF93D80C2623366800320E50 /* NotificationListView.swift */; };
/* End PBXBuildFile section */

/* Begin PBXFileReference section */
		BF10F6122619940D007F1C68 /* MeigenSupplement.app */ = {isa = PBXFileReference; explicitFileType = wrapper.application; includeInIndex = 0; path = MeigenSupplement.app; sourceTree = BUILT_PRODUCTS_DIR; };
		BF10F6152619940D007F1C68 /* MeigenSupplementApp.swift */ = {isa = PBXFileReference; lastKnownFileType = sourcecode.swift; path = MeigenSupplementApp.swift; sourceTree = "<group>"; };
		BF10F6172619940D007F1C68 /* ContentView.swift */ = {isa = PBXFileReference; lastKnownFileType = sourcecode.swift; path = ContentView.swift; sourceTree = "<group>"; };
		BF10F61926199412007F1C68 /* Assets.xcassets */ = {isa = PBXFileReference; lastKnownFileType = folder.assetcatalog; path = Assets.xcassets; sourceTree = "<group>"; };
		BF10F61C26199412007F1C68 /* Preview Assets.xcassets */ = {isa = PBXFileReference; lastKnownFileType = folder.assetcatalog; path = "Preview Assets.xcassets"; sourceTree = "<group>"; };
		BF10F61E26199412007F1C68 /* Info.plist */ = {isa = PBXFileReference; lastKnownFileType = text.plist.xml; path = Info.plist; sourceTree = "<group>"; };
		BF10F626261995A3007F1C68 /* CoreLocation.framework */ = {isa = PBXFileReference; lastKnownFileType = wrapper.framework; name = CoreLocation.framework; path = System/Library/Frameworks/CoreLocation.framework; sourceTree = SDKROOT; };
		BF10F628261996C0007F1C68 /* ShowMeigen.swift */ = {isa = PBXFileReference; lastKnownFileType = sourcecode.swift; path = ShowMeigen.swift; sourceTree = "<group>"; };
		BF10F62C261996F5007F1C68 /* GetMeigen.swift */ = {isa = PBXFileReference; lastKnownFileType = sourcecode.swift; path = GetMeigen.swift; sourceTree = "<group>"; };
		BF10F62F26199742007F1C68 /* TimeNotification.swift */ = {isa = PBXFileReference; lastKnownFileType = sourcecode.swift; path = TimeNotification.swift; sourceTree = "<group>"; };
		BF10F6322619979D007F1C68 /* LocationNotification.swift */ = {isa = PBXFileReference; lastKnownFileType = sourcecode.swift; path = LocationNotification.swift; sourceTree = "<group>"; };
		BF10F635261997CF007F1C68 /* LocationView.swift */ = {isa = PBXFileReference; lastKnownFileType = sourcecode.swift; path = LocationView.swift; sourceTree = "<group>"; };
		BF10F63826199809007F1C68 /* FavoriteView.swift */ = {isa = PBXFileReference; lastKnownFileType = sourcecode.swift; path = FavoriteView.swift; sourceTree = "<group>"; };
		BF159DB02620925B0016A281 /* AddTimeNotification.swift */ = {isa = PBXFileReference; lastKnownFileType = sourcecode.swift; path = AddTimeNotification.swift; sourceTree = "<group>"; };
		BF93D80C2623366800320E50 /* NotificationListView.swift */ = {isa = PBXFileReference; lastKnownFileType = sourcecode.swift; path = NotificationListView.swift; sourceTree = "<group>"; };
/* End PBXFileReference section */

/* Begin PBXFrameworksBuildPhase section */
		BF10F60F2619940D007F1C68 /* Frameworks */ = {
			isa = PBXFrameworksBuildPhase;
			buildActionMask = 2147483647;
			files = (
				BF10F627261995A3007F1C68 /* CoreLocation.framework in Frameworks */,
			);
			runOnlyForDeploymentPostprocessing = 0;
		};
/* End PBXFrameworksBuildPhase section */

/* Begin PBXGroup section */
		BF10F6092619940D007F1C68 = {
			isa = PBXGroup;
			children = (
				BF10F6142619940D007F1C68 /* MeigenSupplement */,
				BF10F6132619940D007F1C68 /* Products */,
				BF10F625261995A3007F1C68 /* Frameworks */,
			);
			sourceTree = "<group>";
		};
		BF10F6132619940D007F1C68 /* Products */ = {
			isa = PBXGroup;
			children = (
				BF10F6122619940D007F1C68 /* MeigenSupplement.app */,
			);
			name = Products;
			sourceTree = "<group>";
		};
		BF10F6142619940D007F1C68 /* MeigenSupplement */ = {
			isa = PBXGroup;
			children = (
				BF10F6152619940D007F1C68 /* MeigenSupplementApp.swift */,
				BF10F6172619940D007F1C68 /* ContentView.swift */,
				BF10F635261997CF007F1C68 /* LocationView.swift */,
				BF93D80C2623366800320E50 /* NotificationListView.swift */,
				BF159DB02620925B0016A281 /* AddTimeNotification.swift */,
				BF10F63826199809007F1C68 /* FavoriteView.swift */,
				BF10F628261996C0007F1C68 /* ShowMeigen.swift */,
				BF10F62C261996F5007F1C68 /* GetMeigen.swift */,
				BF10F62F26199742007F1C68 /* TimeNotification.swift */,
				BF10F6322619979D007F1C68 /* LocationNotification.swift */,
				BF10F61926199412007F1C68 /* Assets.xcassets */,
				BF10F61E26199412007F1C68 /* Info.plist */,
				BF10F61B26199412007F1C68 /* Preview Content */,
			);
			path = MeigenSupplement;
			sourceTree = "<group>";
		};
		BF10F61B26199412007F1C68 /* Preview Content */ = {
			isa = PBXGroup;
			children = (
				BF10F61C26199412007F1C68 /* Preview Assets.xcassets */,
			);
			path = "Preview Content";
			sourceTree = "<group>";
		};
		BF10F625261995A3007F1C68 /* Frameworks */ = {
			isa = PBXGroup;
			children = (
				BF10F626261995A3007F1C68 /* CoreLocation.framework */,
			);
			name = Frameworks;
			sourceTree = "<group>";
		};
/* End PBXGroup section */

/* Begin PBXNativeTarget section */
		BF10F6112619940D007F1C68 /* MeigenSupplement */ = {
			isa = PBXNativeTarget;
			buildConfigurationList = BF10F62126199412007F1C68 /* Build configuration list for PBXNativeTarget "MeigenSupplement" */;
			buildPhases = (
				BF10F60E2619940D007F1C68 /* Sources */,
				BF10F60F2619940D007F1C68 /* Frameworks */,
				BF10F6102619940D007F1C68 /* Resources */,
			);
			buildRules = (
			);
			dependencies = (
			);
			name = MeigenSupplement;
			productName = MeigenSupplement;
			productReference = BF10F6122619940D007F1C68 /* MeigenSupplement.app */;
			productType = "com.apple.product-type.application";
		};
/* End PBXNativeTarget section */

/* Begin PBXProject section */
		BF10F60A2619940D007F1C68 /* Project object */ = {
			isa = PBXProject;
			attributes = {
				LastSwiftUpdateCheck = 1240;
				LastUpgradeCheck = 1240;
				TargetAttributes = {
					BF10F6112619940D007F1C68 = {
						CreatedOnToolsVersion = 12.4;
					};
				};
			};
			buildConfigurationList = BF10F60D2619940D007F1C68 /* Build configuration list for PBXProject "MeigenSupplement" */;
			compatibilityVersion = "Xcode 9.3";
			developmentRegion = en;
			hasScannedForEncodings = 0;
			knownRegions = (
				en,
				Base,
			);
			mainGroup = BF10F6092619940D007F1C68;
			productRefGroup = BF10F6132619940D007F1C68 /* Products */;
			projectDirPath = "";
			projectRoot = "";
			targets = (
				BF10F6112619940D007F1C68 /* MeigenSupplement */,
			);
		};
/* End PBXProject section */

/* Begin PBXResourcesBuildPhase section */
		BF10F6102619940D007F1C68 /* Resources */ = {
			isa = PBXResourcesBuildPhase;
			buildActionMask = 2147483647;
			files = (
				BF10F61D26199412007F1C68 /* Preview Assets.xcassets in Resources */,
				BF10F61A26199412007F1C68 /* Assets.xcassets in Resources */,
			);
			runOnlyForDeploymentPostprocessing = 0;
		};
/* End PBXResourcesBuildPhase section */

/* Begin PBXSourcesBuildPhase section */
		BF10F60E2619940D007F1C68 /* Sources */ = {
			isa = PBXSourcesBuildPhase;
			buildActionMask = 2147483647;
			files = (
				BF10F63926199809007F1C68 /* FavoriteView.swift in Sources */,
				BF10F6182619940D007F1C68 /* ContentView.swift in Sources */,
				BF10F6332619979D007F1C68 /* LocationNotification.swift in Sources */,
				BF93D80D2623366800320E50 /* NotificationListView.swift in Sources */,
				BF10F629261996C0007F1C68 /* ShowMeigen.swift in Sources */,
				BF10F6162619940D007F1C68 /* MeigenSupplementApp.swift in Sources */,
				BF10F636261997CF007F1C68 /* LocationView.swift in Sources */,
				BF159DB12620925B0016A281 /* AddTimeNotification.swift in Sources */,
				BF10F62D261996F5007F1C68 /* GetMeigen.swift in Sources */,
				BF10F63026199742007F1C68 /* TimeNotification.swift in Sources */,
			);
			runOnlyForDeploymentPostprocessing = 0;
		};
/* End PBXSourcesBuildPhase section */

/* Begin XCBuildConfiguration section */
		BF10F61F26199412007F1C68 /* Debug */ = {
			isa = XCBuildConfiguration;
			buildSettings = {
				ALWAYS_SEARCH_USER_PATHS = NO;
				CLANG_ANALYZER_NONNULL = YES;
				CLANG_ANALYZER_NUMBER_OBJECT_CONVERSION = YES_AGGRESSIVE;
				CLANG_CXX_LANGUAGE_STANDARD = "gnu++14";
				CLANG_CXX_LIBRARY = "libc++";
				CLANG_ENABLE_MODULES = YES;
				CLANG_ENABLE_OBJC_ARC = YES;
				CLANG_ENABLE_OBJC_WEAK = YES;
				CLANG_WARN_BLOCK_CAPTURE_AUTORELEASING = YES;
				CLANG_WARN_BOOL_CONVERSION = YES;
				CLANG_WARN_COMMA = YES;
				CLANG_WARN_CONSTANT_CONVERSION = YES;
				CLANG_WARN_DEPRECATED_OBJC_IMPLEMENTATIONS = YES;
				CLANG_WARN_DIRECT_OBJC_ISA_USAGE = YES_ERROR;
				CLANG_WARN_DOCUMENTATION_COMMENTS = YES;
				CLANG_WARN_EMPTY_BODY = YES;
				CLANG_WARN_ENUM_CONVERSION = YES;
				CLANG_WARN_INFINITE_RECURSION = YES;
				CLANG_WARN_INT_CONVERSION = YES;
				CLANG_WARN_NON_LITERAL_NULL_CONVERSION = YES;
				CLANG_WARN_OBJC_IMPLICIT_RETAIN_SELF = YES;
				CLANG_WARN_OBJC_LITERAL_CONVERSION = YES;
				CLANG_WARN_OBJC_ROOT_CLASS = YES_ERROR;
				CLANG_WARN_QUOTED_INCLUDE_IN_FRAMEWORK_HEADER = YES;
				CLANG_WARN_RANGE_LOOP_ANALYSIS = YES;
				CLANG_WARN_STRICT_PROTOTYPES = YES;
				CLANG_WARN_SUSPICIOUS_MOVE = YES;
				CLANG_WARN_UNGUARDED_AVAILABILITY = YES_AGGRESSIVE;
				CLANG_WARN_UNREACHABLE_CODE = YES;
				CLANG_WARN__DUPLICATE_METHOD_MATCH = YES;
				COPY_PHASE_STRIP = NO;
				DEBUG_INFORMATION_FORMAT = dwarf;
				ENABLE_STRICT_OBJC_MSGSEND = YES;
				ENABLE_TESTABILITY = YES;
				GCC_C_LANGUAGE_STANDARD = gnu11;
				GCC_DYNAMIC_NO_PIC = NO;
				GCC_NO_COMMON_BLOCKS = YES;
				GCC_OPTIMIZATION_LEVEL = 0;
				GCC_PREPROCESSOR_DEFINITIONS = (
					"DEBUG=1",
					"$(inherited)",
				);
				GCC_WARN_64_TO_32_BIT_CONVERSION = YES;
				GCC_WARN_ABOUT_RETURN_TYPE = YES_ERROR;
				GCC_WARN_UNDECLARED_SELECTOR = YES;
				GCC_WARN_UNINITIALIZED_AUTOS = YES_AGGRESSIVE;
				GCC_WARN_UNUSED_FUNCTION = YES;
				GCC_WARN_UNUSED_VARIABLE = YES;
				IPHONEOS_DEPLOYMENT_TARGET = 14.4;
				MTL_ENABLE_DEBUG_INFO = INCLUDE_SOURCE;
				MTL_FAST_MATH = YES;
				ONLY_ACTIVE_ARCH = YES;
				SDKROOT = iphoneos;
				SWIFT_ACTIVE_COMPILATION_CONDITIONS = DEBUG;
				SWIFT_OPTIMIZATION_LEVEL = "-Onone";
			};
			name = Debug;
		};
		BF10F62026199412007F1C68 /* Release */ = {
			isa = XCBuildConfiguration;
			buildSettings = {
				ALWAYS_SEARCH_USER_PATHS = NO;
				CLANG_ANALYZER_NONNULL = YES;
				CLANG_ANALYZER_NUMBER_OBJECT_CONVERSION = YES_AGGRESSIVE;
				CLANG_CXX_LANGUAGE_STANDARD = "gnu++14";
				CLANG_CXX_LIBRARY = "libc++";
				CLANG_ENABLE_MODULES = YES;
				CLANG_ENABLE_OBJC_ARC = YES;
				CLANG_ENABLE_OBJC_WEAK = YES;
				CLANG_WARN_BLOCK_CAPTURE_AUTORELEASING = YES;
				CLANG_WARN_BOOL_CONVERSION = YES;
				CLANG_WARN_COMMA = YES;
				CLANG_WARN_CONSTANT_CONVERSION = YES;
				CLANG_WARN_DEPRECATED_OBJC_IMPLEMENTATIONS = YES;
				CLANG_WARN_DIRECT_OBJC_ISA_USAGE = YES_ERROR;
				CLANG_WARN_DOCUMENTATION_COMMENTS = YES;
				CLANG_WARN_EMPTY_BODY = YES;
				CLANG_WARN_ENUM_CONVERSION = YES;
				CLANG_WARN_INFINITE_RECURSION = YES;
				CLANG_WARN_INT_CONVERSION = YES;
				CLANG_WARN_NON_LITERAL_NULL_CONVERSION = YES;
				CLANG_WARN_OBJC_IMPLICIT_RETAIN_SELF = YES;
				CLANG_WARN_OBJC_LITERAL_CONVERSION = YES;
				CLANG_WARN_OBJC_ROOT_CLASS = YES_ERROR;
				CLANG_WARN_QUOTED_INCLUDE_IN_FRAMEWORK_HEADER = YES;
				CLANG_WARN_RANGE_LOOP_ANALYSIS = YES;
				CLANG_WARN_STRICT_PROTOTYPES = YES;
				CLANG_WARN_SUSPICIOUS_MOVE = YES;
				CLANG_WARN_UNGUARDED_AVAILABILITY = YES_AGGRESSIVE;
				CLANG_WARN_UNREACHABLE_CODE = YES;
				CLANG_WARN__DUPLICATE_METHOD_MATCH = YES;
				COPY_PHASE_STRIP = NO;
				DEBUG_INFORMATION_FORMAT = "dwarf-with-dsym";
				ENABLE_NS_ASSERTIONS = NO;
				ENABLE_STRICT_OBJC_MSGSEND = YES;
				GCC_C_LANGUAGE_STANDARD = gnu11;
				GCC_NO_COMMON_BLOCKS = YES;
				GCC_WARN_64_TO_32_BIT_CONVERSION = YES;
				GCC_WARN_ABOUT_RETURN_TYPE = YES_ERROR;
				GCC_WARN_UNDECLARED_SELECTOR = YES;
				GCC_WARN_UNINITIALIZED_AUTOS = YES_AGGRESSIVE;
				GCC_WARN_UNUSED_FUNCTION = YES;
				GCC_WARN_UNUSED_VARIABLE = YES;
				IPHONEOS_DEPLOYMENT_TARGET = 14.4;
				MTL_ENABLE_DEBUG_INFO = NO;
				MTL_FAST_MATH = YES;
				SDKROOT = iphoneos;
				SWIFT_COMPILATION_MODE = wholemodule;
				SWIFT_OPTIMIZATION_LEVEL = "-O";
				VALIDATE_PRODUCT = YES;
			};
			name = Release;
		};
		BF10F62226199412007F1C68 /* Debug */ = {
			isa = XCBuildConfiguration;
			buildSettings = {
				ASSETCATALOG_COMPILER_APPICON_NAME = AppIcon;
				ASSETCATALOG_COMPILER_GLOBAL_ACCENT_COLOR_NAME = AccentColor;
				CODE_SIGN_STYLE = Automatic;
				DEVELOPMENT_ASSET_PATHS = "\"MeigenSupplement/Preview Content\"";
				DEVELOPMENT_TEAM = WHHZ3C644G;
				ENABLE_PREVIEWS = YES;
				INFOPLIST_FILE = MeigenSupplement/Info.plist;
				IPHONEOS_DEPLOYMENT_TARGET = 15.0;
				LD_RUNPATH_SEARCH_PATHS = (
					"$(inherited)",
					"@executable_path/Frameworks",
				);
				PRODUCT_BUNDLE_IDENTIFIER = deve21.app.ios.MeigenSupplement;
				PRODUCT_NAME = "$(TARGET_NAME)";
				SWIFT_VERSION = 5.0;
				TARGETED_DEVICE_FAMILY = "1,2";
			};
			name = Debug;
		};
		BF10F62326199412007F1C68 /* Release */ = {
			isa = XCBuildConfiguration;
			buildSettings = {
				ASSETCATALOG_COMPILER_APPICON_NAME = AppIcon;
				ASSETCATALOG_COMPILER_GLOBAL_ACCENT_COLOR_NAME = AccentColor;
				CODE_SIGN_STYLE = Automatic;
				DEVELOPMENT_ASSET_PATHS = "\"MeigenSupplement/Preview Content\"";
				DEVELOPMENT_TEAM = WHHZ3C644G;
				ENABLE_PREVIEWS = YES;
				INFOPLIST_FILE = MeigenSupplement/Info.plist;
				IPHONEOS_DEPLOYMENT_TARGET = 15.0;
				LD_RUNPATH_SEARCH_PATHS = (
					"$(inherited)",
					"@executable_path/Frameworks",
				);
				PRODUCT_BUNDLE_IDENTIFIER = deve21.app.ios.MeigenSupplement;
				PRODUCT_NAME = "$(TARGET_NAME)";
				SWIFT_VERSION = 5.0;
				TARGETED_DEVICE_FAMILY = "1,2";
			};
			name = Release;
		};
/* End XCBuildConfiguration section */

/* Begin XCConfigurationList section */
		BF10F60D2619940D007F1C68 /* Build configuration list for PBXProject "MeigenSupplement" */ = {
			isa = XCConfigurationList;
			buildConfigurations = (
				BF10F61F26199412007F1C68 /* Debug */,
				BF10F62026199412007F1C68 /* Release */,
			);
			defaultConfigurationIsVisible = 0;
			defaultConfigurationName = Release;
		};
		BF10F62126199412007F1C68 /* Build configuration list for PBXNativeTarget "MeigenSupplement" */ = {
			isa = XCConfigurationList;
			buildConfigurations = (
				BF10F62226199412007F1C68 /* Debug */,
				BF10F62326199412007F1C68 /* Release */,
			);
			defaultConfigurationIsVisible = 0;
			defaultConfigurationName = Release;
		};
/* End XCConfigurationList section */
	};
	rootObject = BF10F60A2619940D007F1C68 /* Project object */;
}
